
Microsoft Visual Studio Solution File, Format Version 12.00
# Visual Studio Version 17
VisualStudioVersion = 17.4.33110.190
MinimumVisualStudioVersion = 10.0.40219.1
Project("{FAE04EC0-301F-11D3-BF4B-00C04F79EFBC}") = "MockHotelProject.Api", "MockHotelProject\MockHotelProject.Api.csproj", "{62B5E3B8-FAC3-4214-9BBD-1DB6DA4C7A7C}"
EndProject
Project("{FAE04EC0-301F-11D3-BF4B-00C04F79EFBC}") = "MockHotelProject.DataLayer", "MockHotelProject.DataLayer\MockHotelProject.DataLayer.csproj", "{653FC28F-11C0-47F3-A865-9B2C3D1FE152}"
EndProject
Global
	GlobalSection(SolutionConfigurationPlatforms) = preSolution
		Debug|Any CPU = Debug|Any CPU
		Release|Any CPU = Release|Any CPU
	EndGlobalSection
	GlobalSection(ProjectConfigurationPlatforms) = postSolution
		{62B5E3B8-FAC3-4214-9BBD-1DB6DA4C7A7C}.Debug|Any CPU.ActiveCfg = Debug|Any CPU
		{62B5E3B8-FAC3-4214-9BBD-1DB6DA4C7A7C}.Debug|Any CPU.Build.0 = Debug|Any CPU
		{62B5E3B8-FAC3-4214-9BBD-1DB6DA4C7A7C}.Release|Any CPU.ActiveCfg = Release|Any CPU
		{62B5E3B8-FAC3-4214-9BBD-1DB6DA4C7A7C}.Release|Any CPU.Build.0 = Release|Any CPU
		{653FC28F-11C0-47F3-A865-9B2C3D1FE152}.Debug|Any CPU.ActiveCfg = Debug|Any CPU
		{653FC28F-11C0-47F3-A865-9B2C3D1FE152}.Debug|Any CPU.Build.0 = Debug|Any CPU
		{653FC28F-11C0-47F3-A865-9B2C3D1FE152}.Release|Any CPU.ActiveCfg = Release|Any CPU
		{653FC28F-11C0-47F3-A865-9B2C3D1FE152}.Release|Any CPU.Build.0 = Release|Any CPU
	EndGlobalSection
	GlobalSection(SolutionProperties) = preSolution
		HideSolutionNode = FALSE
	EndGlobalSection
	GlobalSection(ExtensibilityGlobals) = postSolution
		SolutionGuid = {3860E4D2-AE31-4379-B234-9FD98ADDE421}
	EndGlobalSection
EndGlobal
